
Microsoft Visual Studio Solution File, Format Version 11.00
# Visual Studio 2010
Project("{FAE04EC0-301F-11D3-BF4B-00C04F79EFBC}") = "ChemProV", "ChemProV\ChemProV.csproj", "{BE128A42-BBE6-4227-A791-0C4A45D55D93}"
EndProject
Project("{FAE04EC0-301F-11D3-BF4B-00C04F79EFBC}") = "ChemProV.Web", "ChemProV.Web\ChemProV.Web.csproj", "{55A67B1F-DFD8-4B50-A99C-89B8B4948A42}"
EndProject
Project("{FAE04EC0-301F-11D3-BF4B-00C04F79EFBC}") = "ChemProV.UnitTests", "ChemProV.UnitTests\ChemProV.UnitTests.csproj", "{2234DF9A-DE8E-44CC-A9F0-878954AD62E2}"
EndProject
Project("{FAE04EC0-301F-11D3-BF4B-00C04F79EFBC}") = "ChemProv.Library", "ChemProv.Library\ChemProv.Library.csproj", "{DF61D940-8605-4098-AFA7-26823E579870}"
EndProject
Project("{FAE04EC0-301F-11D3-BF4B-00C04F79EFBC}") = "PortableChemProV", "PortableChemProV\PortableChemProV.csproj", "{CDF84A87-F71F-44FC-9FA4-2AC97133C983}"
EndProject
Project("{FAE04EC0-301F-11D3-BF4B-00C04F79EFBC}") = "PortableChemProV_Tests", "PortableChemProV_Tests\PortableChemProV_Tests.csproj", "{2C323049-4BEA-4AA4-A933-3EA9B5CEE5AE}"
EndProject
Global
	GlobalSection(TeamFoundationVersionControl) = preSolution
		SccNumberOfProjects = 7
		SccEnterpriseProvider = {4CA58AB2-18FA-4F8D-95D4-32DDF27D184C}
		SccTeamFoundationServer = https://tfs.codeplex.com/tfs/tfs25
		SccLocalPath0 = .
		SccProjectUniqueName1 = ChemProV\\ChemProV.csproj
		SccProjectName1 = ChemProV
		SccLocalPath1 = ChemProV
		SccProjectUniqueName2 = ChemProV.Web\\ChemProV.Web.csproj
		SccProjectName2 = ChemProV.Web
		SccLocalPath2 = ChemProV.Web
		SccProjectUniqueName3 = ChemProV.UnitTests\\ChemProV.UnitTests.csproj
		SccProjectName3 = ChemProV.UnitTests
		SccLocalPath3 = ChemProV.UnitTests
		SccProjectUniqueName4 = ChemProv.Library\\ChemProv.Library.csproj
		SccProjectName4 = ChemProv.Library
		SccLocalPath4 = ChemProv.Library
		SccProjectUniqueName5 = PortableChemProV\\PortableChemProV.csproj
		SccProjectName5 = PortableChemProV
		SccLocalPath5 = PortableChemProV
		SccProjectUniqueName6 = PortableChemProV_Tests\\PortableChemProV_Tests.csproj
		SccProjectName6 = PortableChemProV_Tests
		SccLocalPath6 = PortableChemProV_Tests
	EndGlobalSection
	GlobalSection(SolutionConfigurationPlatforms) = preSolution
		Debug|Any CPU = Debug|Any CPU
		Debug|Mixed Platforms = Debug|Mixed Platforms
		Debug|x86 = Debug|x86
		Release|Any CPU = Release|Any CPU
		Release|Mixed Platforms = Release|Mixed Platforms
		Release|x86 = Release|x86
	EndGlobalSection
	GlobalSection(ProjectConfigurationPlatforms) = postSolution
		{BE128A42-BBE6-4227-A791-0C4A45D55D93}.Debug|Any CPU.ActiveCfg = Release|Any CPU
		{BE128A42-BBE6-4227-A791-0C4A45D55D93}.Debug|Any CPU.Build.0 = Release|Any CPU
		{BE128A42-BBE6-4227-A791-0C4A45D55D93}.Debug|Mixed Platforms.ActiveCfg = Debug|Any CPU
		{BE128A42-BBE6-4227-A791-0C4A45D55D93}.Debug|Mixed Platforms.Build.0 = Debug|Any CPU
		{BE128A42-BBE6-4227-A791-0C4A45D55D93}.Debug|x86.ActiveCfg = Debug|Any CPU
		{BE128A42-BBE6-4227-A791-0C4A45D55D93}.Release|Any CPU.ActiveCfg = Release|Any CPU
		{BE128A42-BBE6-4227-A791-0C4A45D55D93}.Release|Any CPU.Build.0 = Release|Any CPU
		{BE128A42-BBE6-4227-A791-0C4A45D55D93}.Release|Mixed Platforms.ActiveCfg = Release|Any CPU
		{BE128A42-BBE6-4227-A791-0C4A45D55D93}.Release|Mixed Platforms.Build.0 = Release|Any CPU
		{BE128A42-BBE6-4227-A791-0C4A45D55D93}.Release|x86.ActiveCfg = Release|Any CPU
		{55A67B1F-DFD8-4B50-A99C-89B8B4948A42}.Debug|Any CPU.ActiveCfg = Release|Any CPU
		{55A67B1F-DFD8-4B50-A99C-89B8B4948A42}.Debug|Any CPU.Build.0 = Release|Any CPU
		{55A67B1F-DFD8-4B50-A99C-89B8B4948A42}.Debug|Mixed Platforms.ActiveCfg = Debug|Any CPU
		{55A67B1F-DFD8-4B50-A99C-89B8B4948A42}.Debug|Mixed Platforms.Build.0 = Debug|Any CPU
		{55A67B1F-DFD8-4B50-A99C-89B8B4948A42}.Debug|x86.ActiveCfg = Debug|Any CPU
		{55A67B1F-DFD8-4B50-A99C-89B8B4948A42}.Release|Any CPU.ActiveCfg = Release|Any CPU
		{55A67B1F-DFD8-4B50-A99C-89B8B4948A42}.Release|Any CPU.Build.0 = Release|Any CPU
		{55A67B1F-DFD8-4B50-A99C-89B8B4948A42}.Release|Mixed Platforms.ActiveCfg = Release|Any CPU
		{55A67B1F-DFD8-4B50-A99C-89B8B4948A42}.Release|Mixed Platforms.Build.0 = Release|Any CPU
		{55A67B1F-DFD8-4B50-A99C-89B8B4948A42}.Release|x86.ActiveCfg = Release|Any CPU
		{2234DF9A-DE8E-44CC-A9F0-878954AD62E2}.Debug|Any CPU.ActiveCfg = Debug|Any CPU
		{2234DF9A-DE8E-44CC-A9F0-878954AD62E2}.Debug|Any CPU.Build.0 = Debug|Any CPU
		{2234DF9A-DE8E-44CC-A9F0-878954AD62E2}.Debug|Mixed Platforms.ActiveCfg = Debug|Any CPU
		{2234DF9A-DE8E-44CC-A9F0-878954AD62E2}.Debug|Mixed Platforms.Build.0 = Debug|Any CPU
		{2234DF9A-DE8E-44CC-A9F0-878954AD62E2}.Debug|x86.ActiveCfg = Debug|Any CPU
		{2234DF9A-DE8E-44CC-A9F0-878954AD62E2}.Release|Any CPU.ActiveCfg = Release|Any CPU
		{2234DF9A-DE8E-44CC-A9F0-878954AD62E2}.Release|Any CPU.Build.0 = Release|Any CPU
		{2234DF9A-DE8E-44CC-A9F0-878954AD62E2}.Release|Mixed Platforms.ActiveCfg = Release|Any CPU
		{2234DF9A-DE8E-44CC-A9F0-878954AD62E2}.Release|Mixed Platforms.Build.0 = Release|Any CPU
		{2234DF9A-DE8E-44CC-A9F0-878954AD62E2}.Release|x86.ActiveCfg = Release|Any CPU
		{DF61D940-8605-4098-AFA7-26823E579870}.Debug|Any CPU.ActiveCfg = Debug|Any CPU
		{DF61D940-8605-4098-AFA7-26823E579870}.Debug|Any CPU.Build.0 = Debug|Any CPU
		{DF61D940-8605-4098-AFA7-26823E579870}.Debug|Mixed Platforms.ActiveCfg = Debug|Any CPU
		{DF61D940-8605-4098-AFA7-26823E579870}.Debug|Mixed Platforms.Build.0 = Debug|Any CPU
		{DF61D940-8605-4098-AFA7-26823E579870}.Debug|x86.ActiveCfg = Debug|Any CPU
		{DF61D940-8605-4098-AFA7-26823E579870}.Release|Any CPU.ActiveCfg = Release|Any CPU
		{DF61D940-8605-4098-AFA7-26823E579870}.Release|Any CPU.Build.0 = Release|Any CPU
		{DF61D940-8605-4098-AFA7-26823E579870}.Release|Mixed Platforms.ActiveCfg = Release|Any CPU
		{DF61D940-8605-4098-AFA7-26823E579870}.Release|Mixed Platforms.Build.0 = Release|Any CPU
		{DF61D940-8605-4098-AFA7-26823E579870}.Release|x86.ActiveCfg = Release|Any CPU
		{CDF84A87-F71F-44FC-9FA4-2AC97133C983}.Debug|Any CPU.ActiveCfg = Debug|Any CPU
		{CDF84A87-F71F-44FC-9FA4-2AC97133C983}.Debug|Any CPU.Build.0 = Debug|Any CPU
		{CDF84A87-F71F-44FC-9FA4-2AC97133C983}.Debug|Mixed Platforms.ActiveCfg = Debug|Any CPU
		{CDF84A87-F71F-44FC-9FA4-2AC97133C983}.Debug|Mixed Platforms.Build.0 = Debug|Any CPU
		{CDF84A87-F71F-44FC-9FA4-2AC97133C983}.Debug|x86.ActiveCfg = Debug|Any CPU
		{CDF84A87-F71F-44FC-9FA4-2AC97133C983}.Release|Any CPU.ActiveCfg = Release|Any CPU
		{CDF84A87-F71F-44FC-9FA4-2AC97133C983}.Release|Any CPU.Build.0 = Release|Any CPU
		{CDF84A87-F71F-44FC-9FA4-2AC97133C983}.Release|Mixed Platforms.ActiveCfg = Release|Any CPU
		{CDF84A87-F71F-44FC-9FA4-2AC97133C983}.Release|Mixed Platforms.Build.0 = Release|Any CPU
		{CDF84A87-F71F-44FC-9FA4-2AC97133C983}.Release|x86.ActiveCfg = Release|Any CPU
		{2C323049-4BEA-4AA4-A933-3EA9B5CEE5AE}.Debug|Any CPU.ActiveCfg = Debug|x86
		{2C323049-4BEA-4AA4-A933-3EA9B5CEE5AE}.Debug|Mixed Platforms.ActiveCfg = Debug|x86
		{2C323049-4BEA-4AA4-A933-3EA9B5CEE5AE}.Debug|Mixed Platforms.Build.0 = Debug|x86
		{2C323049-4BEA-4AA4-A933-3EA9B5CEE5AE}.Debug|x86.ActiveCfg = Debug|x86
		{2C323049-4BEA-4AA4-A933-3EA9B5CEE5AE}.Debug|x86.Build.0 = Debug|x86
		{2C323049-4BEA-4AA4-A933-3EA9B5CEE5AE}.Release|Any CPU.ActiveCfg = Release|x86
		{2C323049-4BEA-4AA4-A933-3EA9B5CEE5AE}.Release|Mixed Platforms.ActiveCfg = Release|x86
		{2C323049-4BEA-4AA4-A933-3EA9B5CEE5AE}.Release|Mixed Platforms.Build.0 = Release|x86
		{2C323049-4BEA-4AA4-A933-3EA9B5CEE5AE}.Release|x86.ActiveCfg = Release|x86
		{2C323049-4BEA-4AA4-A933-3EA9B5CEE5AE}.Release|x86.Build.0 = Release|x86
	EndGlobalSection
	GlobalSection(SolutionProperties) = preSolution
		HideSolutionNode = FALSE
	EndGlobalSection
EndGlobal
