
Microsoft Visual Studio Solution File, Format Version 11.00
# Visual Studio 2010
Project("{FAE04EC0-301F-11D3-BF4B-00C04F79EFBC}") = "ChemProV", "ChemProV\ChemProV.csproj", "{BE128A42-BBE6-4227-A791-0C4A45D55D93}"
EndProject
Project("{FAE04EC0-301F-11D3-BF4B-00C04F79EFBC}") = "ChemProV.Web", "ChemProV.Web\ChemProV.Web.csproj", "{55A67B1F-DFD8-4B50-A99C-89B8B4948A42}"
EndProject
Global
	GlobalSection(TeamFoundationVersionControl) = preSolution
		SccNumberOfProjects = 3
		SccEnterpriseProvider = {4CA58AB2-18FA-4F8D-95D4-32DDF27D184C}
		SccTeamFoundationServer = https://tfs.codeplex.com/tfs/tfs25
		SccLocalPath0 = .
		SccProjectUniqueName1 = ChemProV\\ChemProV.csproj
		SccProjectName1 = ChemProV
		SccLocalPath1 = ChemProV
		SccProjectUniqueName2 = ChemProV.Web\\ChemProV.Web.csproj
		SccProjectName2 = ChemProV.Web
		SccLocalPath2 = ChemProV.Web
	EndGlobalSection
	GlobalSection(SolutionConfigurationPlatforms) = preSolution
		Debug|Any CPU = Debug|Any CPU
		Release|Any CPU = Release|Any CPU
	EndGlobalSection
	GlobalSection(ProjectConfigurationPlatforms) = postSolution
		{BE128A42-BBE6-4227-A791-0C4A45D55D93}.Debug|Any CPU.ActiveCfg = Release|Any CPU
		{BE128A42-BBE6-4227-A791-0C4A45D55D93}.Debug|Any CPU.Build.0 = Release|Any CPU
		{BE128A42-BBE6-4227-A791-0C4A45D55D93}.Release|Any CPU.ActiveCfg = Release|Any CPU
		{BE128A42-BBE6-4227-A791-0C4A45D55D93}.Release|Any CPU.Build.0 = Release|Any CPU
		{55A67B1F-DFD8-4B50-A99C-89B8B4948A42}.Debug|Any CPU.ActiveCfg = Release|Any CPU
		{55A67B1F-DFD8-4B50-A99C-89B8B4948A42}.Debug|Any CPU.Build.0 = Release|Any CPU
		{55A67B1F-DFD8-4B50-A99C-89B8B4948A42}.Release|Any CPU.ActiveCfg = Release|Any CPU
		{55A67B1F-DFD8-4B50-A99C-89B8B4948A42}.Release|Any CPU.Build.0 = Release|Any CPU
	EndGlobalSection
	GlobalSection(SolutionProperties) = preSolution
		HideSolutionNode = FALSE
	EndGlobalSection
EndGlobal
